<Solution>
  <Folder Name="/src/">
    <Project Path="src/BinTracker.Core/BinTracker.Core.csproj" />
    <Project Path="src/BinTracker.Data/BinTracker.Data.csproj" />
    <Project Path="src/BinTracker.Reports/BinTracker.Reports.csproj" />
    <Project Path="src/BinTracker.Services/BinTracker.Services.csproj" />
    <Project Path="src/BinTracker.WinForms/BinTracker.WinForms.csproj" />
  </Folder>
  <Folder Name="/tests/">
    <Project Path="tests/BinTracker.Tests/BinTracker.Tests.csproj" />
  </Folder>
</Solution>
